
Microsoft Visual Studio Solution File, Format Version 12.00
# Visual Studio Version 17
VisualStudioVersion = 17.0.31903.59
MinimumVisualStudioVersion = 10.0.40219.1
Project("{FAE04EC0-301F-11D3-BF4B-00C04F79EFBC}") = "RestApi.Api", "RestApi.Api\RestApi.Api.csproj", "{B4B03E02-D363-4448-A1CD-DD59C89CAA01}"
EndProject
Global
	GlobalSection(SolutionConfigurationPlatforms) = preSolution
		Debug|Any CPU = Debug|Any CPU
		Release|Any CPU = Release|Any CPU
	EndGlobalSection
	GlobalSection(SolutionProperties) = preSolution
		HideSolutionNode = FALSE
	EndGlobalSection
	GlobalSection(ProjectConfigurationPlatforms) = postSolution
		{B4B03E02-D363-4448-A1CD-DD59C89CAA01}.Debug|Any CPU.ActiveCfg = Debug|Any CPU
		{B4B03E02-D363-4448-A1CD-DD59C89CAA01}.Debug|Any CPU.Build.0 = Debug|Any CPU
		{B4B03E02-D363-4448-A1CD-DD59C89CAA01}.Release|Any CPU.ActiveCfg = Release|Any CPU
		{B4B03E02-D363-4448-A1CD-DD59C89CAA01}.Release|Any CPU.Build.0 = Release|Any CPU
	EndGlobalSection
EndGlobal
